
Microsoft Visual Studio Solution File, Format Version 12.00
# Visual Studio 15
VisualStudioVersion = 15.0.28307.489
MinimumVisualStudioVersion = 10.0.40219.1
Project("{8BC9CEB8-8B4A-11D0-8D11-00A0C91BC942}") = "substring", "substring\substring.vcxproj", "{72C8795C-4C1E-4C1F-AEEE-F3FE412D09AE}"
EndProject
Global
	GlobalSection(SolutionConfigurationPlatforms) = preSolution
		Debug|x64 = Debug|x64
		Debug|x86 = Debug|x86
		Release|x64 = Release|x64
		Release|x86 = Release|x86
	EndGlobalSection
	GlobalSection(ProjectConfigurationPlatforms) = postSolution
		{72C8795C-4C1E-4C1F-AEEE-F3FE412D09AE}.Debug|x64.ActiveCfg = Debug|x64
		{72C8795C-4C1E-4C1F-AEEE-F3FE412D09AE}.Debug|x64.Build.0 = Debug|x64
		{72C8795C-4C1E-4C1F-AEEE-F3FE412D09AE}.Debug|x86.ActiveCfg = Debug|Win32
		{72C8795C-4C1E-4C1F-AEEE-F3FE412D09AE}.Debug|x86.Build.0 = Debug|Win32
		{72C8795C-4C1E-4C1F-AEEE-F3FE412D09AE}.Release|x64.ActiveCfg = Release|x64
		{72C8795C-4C1E-4C1F-AEEE-F3FE412D09AE}.Release|x64.Build.0 = Release|x64
		{72C8795C-4C1E-4C1F-AEEE-F3FE412D09AE}.Release|x86.ActiveCfg = Release|Win32
		{72C8795C-4C1E-4C1F-AEEE-F3FE412D09AE}.Release|x86.Build.0 = Release|Win32
	EndGlobalSection
	GlobalSection(SolutionProperties) = preSolution
		HideSolutionNode = FALSE
	EndGlobalSection
	GlobalSection(ExtensibilityGlobals) = postSolution
		SolutionGuid = {12A9C855-1FAF-4F98-AA9E-F42C2AF8CC5B}
	EndGlobalSection
EndGlobal
