
Microsoft Visual Studio Solution File, Format Version 12.00
# Visual Studio 15
VisualStudioVersion = 15.0.28307.489
MinimumVisualStudioVersion = 10.0.40219.1
Project("{8BC9CEB8-8B4A-11D0-8D11-00A0C91BC942}") = "treeTraverse", "treeTraverse\treeTraverse.vcxproj", "{3A603166-5DC8-4DCE-964C-5C612379CF68}"
EndProject
Global
	GlobalSection(SolutionConfigurationPlatforms) = preSolution
		Debug|x64 = Debug|x64
		Debug|x86 = Debug|x86
		Release|x64 = Release|x64
		Release|x86 = Release|x86
	EndGlobalSection
	GlobalSection(ProjectConfigurationPlatforms) = postSolution
		{3A603166-5DC8-4DCE-964C-5C612379CF68}.Debug|x64.ActiveCfg = Debug|x64
		{3A603166-5DC8-4DCE-964C-5C612379CF68}.Debug|x64.Build.0 = Debug|x64
		{3A603166-5DC8-4DCE-964C-5C612379CF68}.Debug|x86.ActiveCfg = Debug|Win32
		{3A603166-5DC8-4DCE-964C-5C612379CF68}.Debug|x86.Build.0 = Debug|Win32
		{3A603166-5DC8-4DCE-964C-5C612379CF68}.Release|x64.ActiveCfg = Release|x64
		{3A603166-5DC8-4DCE-964C-5C612379CF68}.Release|x64.Build.0 = Release|x64
		{3A603166-5DC8-4DCE-964C-5C612379CF68}.Release|x86.ActiveCfg = Release|Win32
		{3A603166-5DC8-4DCE-964C-5C612379CF68}.Release|x86.Build.0 = Release|Win32
	EndGlobalSection
	GlobalSection(SolutionProperties) = preSolution
		HideSolutionNode = FALSE
	EndGlobalSection
	GlobalSection(ExtensibilityGlobals) = postSolution
		SolutionGuid = {D3463E2E-0E81-49E1-9EF6-733139E66711}
	EndGlobalSection
EndGlobal
