
Microsoft Visual Studio Solution File, Format Version 12.00
# Visual Studio 15
VisualStudioVersion = 15.0.28307.489
MinimumVisualStudioVersion = 10.0.40219.1
Project("{8BC9CEB8-8B4A-11D0-8D11-00A0C91BC942}") = "Brace", "Brace\Brace.vcxproj", "{62A85232-A541-46BF-AD58-F7ADCCD31437}"
EndProject
Global
	GlobalSection(SolutionConfigurationPlatforms) = preSolution
		Debug|x64 = Debug|x64
		Debug|x86 = Debug|x86
		Release|x64 = Release|x64
		Release|x86 = Release|x86
	EndGlobalSection
	GlobalSection(ProjectConfigurationPlatforms) = postSolution
		{62A85232-A541-46BF-AD58-F7ADCCD31437}.Debug|x64.ActiveCfg = Debug|x64
		{62A85232-A541-46BF-AD58-F7ADCCD31437}.Debug|x64.Build.0 = Debug|x64
		{62A85232-A541-46BF-AD58-F7ADCCD31437}.Debug|x86.ActiveCfg = Debug|Win32
		{62A85232-A541-46BF-AD58-F7ADCCD31437}.Debug|x86.Build.0 = Debug|Win32
		{62A85232-A541-46BF-AD58-F7ADCCD31437}.Release|x64.ActiveCfg = Release|x64
		{62A85232-A541-46BF-AD58-F7ADCCD31437}.Release|x64.Build.0 = Release|x64
		{62A85232-A541-46BF-AD58-F7ADCCD31437}.Release|x86.ActiveCfg = Release|Win32
		{62A85232-A541-46BF-AD58-F7ADCCD31437}.Release|x86.Build.0 = Release|Win32
	EndGlobalSection
	GlobalSection(SolutionProperties) = preSolution
		HideSolutionNode = FALSE
	EndGlobalSection
	GlobalSection(ExtensibilityGlobals) = postSolution
		SolutionGuid = {B9EC290E-7284-42C1-9BB3-6C0DA3799900}
	EndGlobalSection
EndGlobal
